// !$*UTF8*$!
{
	archiveVersion = 1;
	classes = {
	};
	objectVersion = 77;
	objects = {

/* Begin PBXContainerItemProxy section */
		0882C8412CF6DDBA0003DB5B /* PBXContainerItemProxy */ = {
			isa = PBXContainerItemProxy;
			containerPortal = 0882C8282CF6DDB80003DB5B /* Project object */;
			proxyType = 1;
			remoteGlobalIDString = 0882C82F2CF6DDB90003DB5B;
			remoteInfo = MusicTracker;
		};
		0882C84B2CF6DDBA0003DB5B /* PBXContainerItemProxy */ = {
			isa = PBXContainerItemProxy;
			containerPortal = 0882C8282CF6DDB80003DB5B /* Project object */;
			proxyType = 1;
			remoteGlobalIDString = 0882C82F2CF6DDB90003DB5B;
			remoteInfo = MusicTracker;
		};
/* End PBXContainerItemProxy section */

/* Begin PBXFileReference section */
		0882C8302CF6DDB90003DB5B /* MusicTrackr.app */ = {isa = PBXFileReference; explicitFileType = wrapper.application; includeInIndex = 0; path = MusicTrackr.app; sourceTree = BUILT_PRODUCTS_DIR; };
		0882C8402CF6DDBA0003DB5B /* MusicTrackrTests.xctest */ = {isa = PBXFileReference; explicitFileType = wrapper.cfbundle; includeInIndex = 0; path = MusicTrackrTests.xctest; sourceTree = BUILT_PRODUCTS_DIR; };
		0882C84A2CF6DDBA0003DB5B /* MusicTrackrUITests.xctest */ = {isa = PBXFileReference; explicitFileType = wrapper.cfbundle; includeInIndex = 0; path = MusicTrackrUITests.xctest; sourceTree = BUILT_PRODUCTS_DIR; };
/* End PBXFileReference section */

/* Begin PBXFileSystemSynchronizedBuildFileExceptionSet section */
		0882C8682CFB90DA0003DB5B /* Exceptions for "MusicTracker" folder in "MusicTrackr" target */ = {
			isa = PBXFileSystemSynchronizedBuildFileExceptionSet;
			membershipExceptions = (
				Info.plist,
			);
			target = 0882C82F2CF6DDB90003DB5B /* MusicTrackr */;
		};
/* End PBXFileSystemSynchronizedBuildFileExceptionSet section */

/* Begin PBXFileSystemSynchronizedRootGroup section */
		0882C8322CF6DDB90003DB5B /* MusicTracker */ = {
			isa = PBXFileSystemSynchronizedRootGroup;
			exceptions = (
				0882C8682CFB90DA0003DB5B /* Exceptions for "MusicTracker" folder in "MusicTrackr" target */,
			);
			path = MusicTracker;
			sourceTree = "<group>";
		};
		0882C8432CF6DDBA0003DB5B /* MusicTrackerTests */ = {
			isa = PBXFileSystemSynchronizedRootGroup;
			path = MusicTrackerTests;
			sourceTree = "<group>";
		};
		0882C84D2CF6DDBA0003DB5B /* MusicTrackerUITests */ = {
			isa = PBXFileSystemSynchronizedRootGroup;
			path = MusicTrackerUITests;
			sourceTree = "<group>";
		};
/* End PBXFileSystemSynchronizedRootGroup section */

/* Begin PBXFrameworksBuildPhase section */
		0882C82D2CF6DDB90003DB5B /* Frameworks */ = {
			isa = PBXFrameworksBuildPhase;
			buildActionMask = 2147483647;
			files = (
			);
			runOnlyForDeploymentPostprocessing = 0;
		};
		0882C83D2CF6DDBA0003DB5B /* Frameworks */ = {
			isa = PBXFrameworksBuildPhase;
			buildActionMask = 2147483647;
			files = (
			);
			runOnlyForDeploymentPostprocessing = 0;
		};
		0882C8472CF6DDBA0003DB5B /* Frameworks */ = {
			isa = PBXFrameworksBuildPhase;
			buildActionMask = 2147483647;
			files = (
			);
			runOnlyForDeploymentPostprocessing = 0;
		};
/* End PBXFrameworksBuildPhase section */

/* Begin PBXGroup section */
		0882C8272CF6DDB80003DB5B = {
			isa = PBXGroup;
			children = (
				0882C8322CF6DDB90003DB5B /* MusicTracker */,
				0882C8432CF6DDBA0003DB5B /* MusicTrackerTests */,
				0882C84D2CF6DDBA0003DB5B /* MusicTrackerUITests */,
				0882C8312CF6DDB90003DB5B /* Products */,
			);
			sourceTree = "<group>";
		};
		0882C8312CF6DDB90003DB5B /* Products */ = {
			isa = PBXGroup;
			children = (
				0882C8302CF6DDB90003DB5B /* MusicTrackr.app */,
				0882C8402CF6DDBA0003DB5B /* MusicTrackrTests.xctest */,
				0882C84A2CF6DDBA0003DB5B /* MusicTrackrUITests.xctest */,
			);
			name = Products;
			sourceTree = "<group>";
		};
/* End PBXGroup section */

/* Begin PBXNativeTarget section */
		0882C82F2CF6DDB90003DB5B /* MusicTrackr */ = {
			isa = PBXNativeTarget;
			buildConfigurationList = 0882C8542CF6DDBA0003DB5B /* Build configuration list for PBXNativeTarget "MusicTrackr" */;
			buildPhases = (
				0882C82C2CF6DDB90003DB5B /* Sources */,
				0882C82D2CF6DDB90003DB5B /* Frameworks */,
				0882C82E2CF6DDB90003DB5B /* Resources */,
			);
			buildRules = (
			);
			dependencies = (
			);
			fileSystemSynchronizedGroups = (
				0882C8322CF6DDB90003DB5B /* MusicTracker */,
			);
			name = MusicTrackr;
			packageProductDependencies = (
			);
			productName = MusicTracker;
			productReference = 0882C8302CF6DDB90003DB5B /* MusicTrackr.app */;
			productType = "com.apple.product-type.application";
		};
		0882C83F2CF6DDBA0003DB5B /* MusicTrackrTests */ = {
			isa = PBXNativeTarget;
			buildConfigurationList = 0882C8572CF6DDBA0003DB5B /* Build configuration list for PBXNativeTarget "MusicTrackrTests" */;
			buildPhases = (
				0882C83C2CF6DDBA0003DB5B /* Sources */,
				0882C83D2CF6DDBA0003DB5B /* Frameworks */,
				0882C83E2CF6DDBA0003DB5B /* Resources */,
			);
			buildRules = (
			);
			dependencies = (
				0882C8422CF6DDBA0003DB5B /* PBXTargetDependency */,
			);
			fileSystemSynchronizedGroups = (
				0882C8432CF6DDBA0003DB5B /* MusicTrackerTests */,
			);
			name = MusicTrackrTests;
			packageProductDependencies = (
			);
			productName = MusicTrackerTests;
			productReference = 0882C8402CF6DDBA0003DB5B /* MusicTrackrTests.xctest */;
			productType = "com.apple.product-type.bundle.unit-test";
		};
		0882C8492CF6DDBA0003DB5B /* MusicTrackrUITests */ = {
			isa = PBXNativeTarget;
			buildConfigurationList = 0882C85A2CF6DDBA0003DB5B /* Build configuration list for PBXNativeTarget "MusicTrackrUITests" */;
			buildPhases = (
				0882C8462CF6DDBA0003DB5B /* Sources */,
				0882C8472CF6DDBA0003DB5B /* Frameworks */,
				0882C8482CF6DDBA0003DB5B /* Resources */,
			);
			buildRules = (
			);
			dependencies = (
				0882C84C2CF6DDBA0003DB5B /* PBXTargetDependency */,
			);
			fileSystemSynchronizedGroups = (
				0882C84D2CF6DDBA0003DB5B /* MusicTrackerUITests */,
			);
			name = MusicTrackrUITests;
			packageProductDependencies = (
			);
			productName = MusicTrackerUITests;
			productReference = 0882C84A2CF6DDBA0003DB5B /* MusicTrackrUITests.xctest */;
			productType = "com.apple.product-type.bundle.ui-testing";
		};
/* End PBXNativeTarget section */

/* Begin PBXProject section */
		0882C8282CF6DDB80003DB5B /* Project object */ = {
			isa = PBXProject;
			attributes = {
				BuildIndependentTargetsInParallel = 1;
				LastSwiftUpdateCheck = 1610;
				LastUpgradeCheck = 1610;
				TargetAttributes = {
					0882C82F2CF6DDB90003DB5B = {
						CreatedOnToolsVersion = 16.1;
					};
					0882C83F2CF6DDBA0003DB5B = {
						CreatedOnToolsVersion = 16.1;
						TestTargetID = 0882C82F2CF6DDB90003DB5B;
					};
					0882C8492CF6DDBA0003DB5B = {
						CreatedOnToolsVersion = 16.1;
						TestTargetID = 0882C82F2CF6DDB90003DB5B;
					};
				};
			};
			buildConfigurationList = 0882C82B2CF6DDB90003DB5B /* Build configuration list for PBXProject "MusicTrackr" */;
			developmentRegion = en;
			hasScannedForEncodings = 0;
			knownRegions = (
				en,
				Base,
			);
			mainGroup = 0882C8272CF6DDB80003DB5B;
			minimizedProjectReferenceProxies = 1;
			preferredProjectObjectVersion = 77;
			productRefGroup = 0882C8312CF6DDB90003DB5B /* Products */;
			projectDirPath = "";
			projectRoot = "";
			targets = (
				0882C82F2CF6DDB90003DB5B /* MusicTrackr */,
				0882C83F2CF6DDBA0003DB5B /* MusicTrackrTests */,
				0882C8492CF6DDBA0003DB5B /* MusicTrackrUITests */,
			);
		};
/* End PBXProject section */

/* Begin PBXResourcesBuildPhase section */
		0882C82E2CF6DDB90003DB5B /* Resources */ = {
			isa = PBXResourcesBuildPhase;
			buildActionMask = 2147483647;
			files = (
			);
			runOnlyForDeploymentPostprocessing = 0;
		};
		0882C83E2CF6DDBA0003DB5B /* Resources */ = {
			isa = PBXResourcesBuildPhase;
			buildActionMask = 2147483647;
			files = (
			);
			runOnlyForDeploymentPostprocessing = 0;
		};
		0882C8482CF6DDBA0003DB5B /* Resources */ = {
			isa = PBXResourcesBuildPhase;
			buildActionMask = 2147483647;
			files = (
			);
			runOnlyForDeploymentPostprocessing = 0;
		};
/* End PBXResourcesBuildPhase section */

/* Begin PBXSourcesBuildPhase section */
		0882C82C2CF6DDB90003DB5B /* Sources */ = {
			isa = PBXSourcesBuildPhase;
			buildActionMask = 2147483647;
			files = (
			);
			runOnlyForDeploymentPostprocessing = 0;
		};
		0882C83C2CF6DDBA0003DB5B /* Sources */ = {
			isa = PBXSourcesBuildPhase;
			buildActionMask = 2147483647;
			files = (
			);
			runOnlyForDeploymentPostprocessing = 0;
		};
		0882C8462CF6DDBA0003DB5B /* Sources */ = {
			isa = PBXSourcesBuildPhase;
			buildActionMask = 2147483647;
			files = (
			);
			runOnlyForDeploymentPostprocessing = 0;
		};
/* End PBXSourcesBuildPhase section */

/* Begin PBXTargetDependency section */
		0882C8422CF6DDBA0003DB5B /* PBXTargetDependency */ = {
			isa = PBXTargetDependency;
			target = 0882C82F2CF6DDB90003DB5B /* MusicTrackr */;
			targetProxy = 0882C8412CF6DDBA0003DB5B /* PBXContainerItemProxy */;
		};
		0882C84C2CF6DDBA0003DB5B /* PBXTargetDependency */ = {
			isa = PBXTargetDependency;
			target = 0882C82F2CF6DDB90003DB5B /* MusicTrackr */;
			targetProxy = 0882C84B2CF6DDBA0003DB5B /* PBXContainerItemProxy */;
		};
/* End PBXTargetDependency section */

/* Begin XCBuildConfiguration section */
		0882C8522CF6DDBA0003DB5B /* Debug */ = {
			isa = XCBuildConfiguration;
			buildSettings = {
				ALWAYS_SEARCH_USER_PATHS = NO;
				ASSETCATALOG_COMPILER_GENERATE_SWIFT_ASSET_SYMBOL_EXTENSIONS = YES;
				CLANG_ANALYZER_NONNULL = YES;
				CLANG_ANALYZER_NUMBER_OBJECT_CONVERSION = YES_AGGRESSIVE;
				CLANG_CXX_LANGUAGE_STANDARD = "gnu++20";
				CLANG_ENABLE_MODULES = YES;
				CLANG_ENABLE_OBJC_ARC = YES;
				CLANG_ENABLE_OBJC_WEAK = YES;
				CLANG_WARN_BLOCK_CAPTURE_AUTORELEASING = YES;
				CLANG_WARN_BOOL_CONVERSION = YES;
				CLANG_WARN_COMMA = YES;
				CLANG_WARN_CONSTANT_CONVERSION = YES;
				CLANG_WARN_DEPRECATED_OBJC_IMPLEMENTATIONS = YES;
				CLANG_WARN_DIRECT_OBJC_ISA_USAGE = YES_ERROR;
				CLANG_WARN_DOCUMENTATION_COMMENTS = YES;
				CLANG_WARN_EMPTY_BODY = YES;
				CLANG_WARN_ENUM_CONVERSION = YES;
				CLANG_WARN_INFINITE_RECURSION = YES;
				CLANG_WARN_INT_CONVERSION = YES;
				CLANG_WARN_NON_LITERAL_NULL_CONVERSION = YES;
				CLANG_WARN_OBJC_IMPLICIT_RETAIN_SELF = YES;
				CLANG_WARN_OBJC_LITERAL_CONVERSION = YES;
				CLANG_WARN_OBJC_ROOT_CLASS = YES_ERROR;
				CLANG_WARN_QUOTED_INCLUDE_IN_FRAMEWORK_HEADER = YES;
				CLANG_WARN_RANGE_LOOP_ANALYSIS = YES;
				CLANG_WARN_STRICT_PROTOTYPES = YES;
				CLANG_WARN_SUSPICIOUS_MOVE = YES;
				CLANG_WARN_UNGUARDED_AVAILABILITY = YES_AGGRESSIVE;
				CLANG_WARN_UNREACHABLE_CODE = YES;
				CLANG_WARN__DUPLICATE_METHOD_MATCH = YES;
				COPY_PHASE_STRIP = NO;
				DEBUG_INFORMATION_FORMAT = dwarf;
				ENABLE_STRICT_OBJC_MSGSEND = YES;
				ENABLE_TESTABILITY = YES;
				ENABLE_USER_SCRIPT_SANDBOXING = YES;
				GCC_C_LANGUAGE_STANDARD = gnu17;
				GCC_DYNAMIC_NO_PIC = NO;
				GCC_NO_COMMON_BLOCKS = YES;
				GCC_OPTIMIZATION_LEVEL = 0;
				GCC_PREPROCESSOR_DEFINITIONS = (
					"DEBUG=1",
					"$(inherited)",
				);
				GCC_WARN_64_TO_32_BIT_CONVERSION = YES;
				GCC_WARN_ABOUT_RETURN_TYPE = YES_ERROR;
				GCC_WARN_UNDECLARED_SELECTOR = YES;
				GCC_WARN_UNINITIALIZED_AUTOS = YES_AGGRESSIVE;
				GCC_WARN_UNUSED_FUNCTION = YES;
				GCC_WARN_UNUSED_VARIABLE = YES;
				IPHONEOS_DEPLOYMENT_TARGET = 18.1;
				LOCALIZATION_PREFERS_STRING_CATALOGS = YES;
				MTL_ENABLE_DEBUG_INFO = INCLUDE_SOURCE;
				MTL_FAST_MATH = YES;
				ONLY_ACTIVE_ARCH = YES;
				SDKROOT = iphoneos;
				SWIFT_ACTIVE_COMPILATION_CONDITIONS = "DEBUG $(inherited)";
				SWIFT_OPTIMIZATION_LEVEL = "-Onone";
			};
			name = Debug;
		};
		0882C8532CF6DDBA0003DB5B /* Release */ = {
			isa = XCBuildConfiguration;
			buildSettings = {
				ALWAYS_SEARCH_USER_PATHS = NO;
				ASSETCATALOG_COMPILER_GENERATE_SWIFT_ASSET_SYMBOL_EXTENSIONS = YES;
				CLANG_ANALYZER_NONNULL = YES;
				CLANG_ANALYZER_NUMBER_OBJECT_CONVERSION = YES_AGGRESSIVE;
				CLANG_CXX_LANGUAGE_STANDARD = "gnu++20";
				CLANG_ENABLE_MODULES = YES;
				CLANG_ENABLE_OBJC_ARC = YES;
				CLANG_ENABLE_OBJC_WEAK = YES;
				CLANG_WARN_BLOCK_CAPTURE_AUTORELEASING = YES;
				CLANG_WARN_BOOL_CONVERSION = YES;
				CLANG_WARN_COMMA = YES;
				CLANG_WARN_CONSTANT_CONVERSION = YES;
				CLANG_WARN_DEPRECATED_OBJC_IMPLEMENTATIONS = YES;
				CLANG_WARN_DIRECT_OBJC_ISA_USAGE = YES_ERROR;
				CLANG_WARN_DOCUMENTATION_COMMENTS = YES;
				CLANG_WARN_EMPTY_BODY = YES;
				CLANG_WARN_ENUM_CONVERSION = YES;
				CLANG_WARN_INFINITE_RECURSION = YES;
				CLANG_WARN_INT_CONVERSION = YES;
				CLANG_WARN_NON_LITERAL_NULL_CONVERSION = YES;
				CLANG_WARN_OBJC_IMPLICIT_RETAIN_SELF = YES;
				CLANG_WARN_OBJC_LITERAL_CONVERSION = YES;
				CLANG_WARN_OBJC_ROOT_CLASS = YES_ERROR;
				CLANG_WARN_QUOTED_INCLUDE_IN_FRAMEWORK_HEADER = YES;
				CLANG_WARN_RANGE_LOOP_ANALYSIS = YES;
				CLANG_WARN_STRICT_PROTOTYPES = YES;
				CLANG_WARN_SUSPICIOUS_MOVE = YES;
				CLANG_WARN_UNGUARDED_AVAILABILITY = YES_AGGRESSIVE;
				CLANG_WARN_UNREACHABLE_CODE = YES;
				CLANG_WARN__DUPLICATE_METHOD_MATCH = YES;
				COPY_PHASE_STRIP = NO;
				DEBUG_INFORMATION_FORMAT = "dwarf-with-dsym";
				ENABLE_NS_ASSERTIONS = NO;
				ENABLE_STRICT_OBJC_MSGSEND = YES;
				ENABLE_USER_SCRIPT_SANDBOXING = YES;
				GCC_C_LANGUAGE_STANDARD = gnu17;
				GCC_NO_COMMON_BLOCKS = YES;
				GCC_WARN_64_TO_32_BIT_CONVERSION = YES;
				GCC_WARN_ABOUT_RETURN_TYPE = YES_ERROR;
				GCC_WARN_UNDECLARED_SELECTOR = YES;
				GCC_WARN_UNINITIALIZED_AUTOS = YES_AGGRESSIVE;
				GCC_WARN_UNUSED_FUNCTION = YES;
				GCC_WARN_UNUSED_VARIABLE = YES;
				IPHONEOS_DEPLOYMENT_TARGET = 18.1;
				LOCALIZATION_PREFERS_STRING_CATALOGS = YES;
				MTL_ENABLE_DEBUG_INFO = NO;
				MTL_FAST_MATH = YES;
				SDKROOT = iphoneos;
				SWIFT_COMPILATION_MODE = wholemodule;
				VALIDATE_PRODUCT = YES;
			};
			name = Release;
		};
		0882C8552CF6DDBA0003DB5B /* Debug */ = {
			isa = XCBuildConfiguration;
			buildSettings = {
				ASSETCATALOG_COMPILER_APPICON_NAME = AppIcon;
				ASSETCATALOG_COMPILER_GLOBAL_ACCENT_COLOR_NAME = AccentColor;
				CODE_SIGN_STYLE = Automatic;
				CURRENT_PROJECT_VERSION = 1;
				DEVELOPMENT_ASSET_PATHS = "\"MusicTracker/Preview Content\"";
				DEVELOPMENT_TEAM = DMN3WLJC44;
				ENABLE_PREVIEWS = YES;
				GENERATE_INFOPLIST_FILE = YES;
				INFOPLIST_FILE = MusicTracker/Info.plist;
				INFOPLIST_KEY_CFBundleDisplayName = "Music Trackr";
				INFOPLIST_KEY_NSAppleMusicUsageDescription = "This app displays the users most listened artists and songs";
				INFOPLIST_KEY_UIApplicationSceneManifest_Generation = YES;
				INFOPLIST_KEY_UIApplicationSupportsIndirectInputEvents = YES;
				INFOPLIST_KEY_UILaunchScreen_Generation = YES;
				INFOPLIST_KEY_UISupportedInterfaceOrientations_iPad = "UIInterfaceOrientationPortrait UIInterfaceOrientationPortraitUpsideDown UIInterfaceOrientationLandscapeLeft UIInterfaceOrientationLandscapeRight";
				INFOPLIST_KEY_UISupportedInterfaceOrientations_iPhone = "UIInterfaceOrientationPortrait UIInterfaceOrientationLandscapeLeft UIInterfaceOrientationLandscapeRight";
				LD_RUNPATH_SEARCH_PATHS = (
					"$(inherited)",
					"@executable_path/Frameworks",
				);
				MARKETING_VERSION = 0.0.1;
				PRODUCT_BUNDLE_IDENTIFIER = NathanHerskovitz.MusicTrackr;
				PRODUCT_NAME = "$(TARGET_NAME)";
				SUPPORTED_PLATFORMS = "iphoneos iphonesimulator";
				SUPPORTS_MACCATALYST = NO;
				SUPPORTS_MAC_DESIGNED_FOR_IPHONE_IPAD = NO;
				SUPPORTS_XR_DESIGNED_FOR_IPHONE_IPAD = NO;
				SWIFT_EMIT_LOC_STRINGS = YES;
				SWIFT_VERSION = 5.0;
				TARGETED_DEVICE_FAMILY = 1;
			};
			name = Debug;
		};
		0882C8562CF6DDBA0003DB5B /* Release */ = {
			isa = XCBuildConfiguration;
			buildSettings = {
				ASSETCATALOG_COMPILER_APPICON_NAME = AppIcon;
				ASSETCATALOG_COMPILER_GLOBAL_ACCENT_COLOR_NAME = AccentColor;
				CODE_SIGN_STYLE = Automatic;
				CURRENT_PROJECT_VERSION = 1;
				DEVELOPMENT_ASSET_PATHS = "\"MusicTracker/Preview Content\"";
				DEVELOPMENT_TEAM = DMN3WLJC44;
				ENABLE_PREVIEWS = YES;
				GENERATE_INFOPLIST_FILE = YES;
				INFOPLIST_FILE = MusicTracker/Info.plist;
				INFOPLIST_KEY_CFBundleDisplayName = "Music Trackr";
				INFOPLIST_KEY_NSAppleMusicUsageDescription = "This app displays the users most listened artists and songs";
				INFOPLIST_KEY_UIApplicationSceneManifest_Generation = YES;
				INFOPLIST_KEY_UIApplicationSupportsIndirectInputEvents = YES;
				INFOPLIST_KEY_UILaunchScreen_Generation = YES;
				INFOPLIST_KEY_UISupportedInterfaceOrientations_iPad = "UIInterfaceOrientationPortrait UIInterfaceOrientationPortraitUpsideDown UIInterfaceOrientationLandscapeLeft UIInterfaceOrientationLandscapeRight";
				INFOPLIST_KEY_UISupportedInterfaceOrientations_iPhone = "UIInterfaceOrientationPortrait UIInterfaceOrientationLandscapeLeft UIInterfaceOrientationLandscapeRight";
				LD_RUNPATH_SEARCH_PATHS = (
					"$(inherited)",
					"@executable_path/Frameworks",
				);
				MARKETING_VERSION = 0.0.1;
				PRODUCT_BUNDLE_IDENTIFIER = NathanHerskovitz.MusicTrackr;
				PRODUCT_NAME = "$(TARGET_NAME)";
				SUPPORTED_PLATFORMS = "iphoneos iphonesimulator";
				SUPPORTS_MACCATALYST = NO;
				SUPPORTS_MAC_DESIGNED_FOR_IPHONE_IPAD = NO;
				SUPPORTS_XR_DESIGNED_FOR_IPHONE_IPAD = NO;
				SWIFT_EMIT_LOC_STRINGS = YES;
				SWIFT_VERSION = 5.0;
				TARGETED_DEVICE_FAMILY = 1;
			};
			name = Release;
		};
		0882C8582CF6DDBA0003DB5B /* Debug */ = {
			isa = XCBuildConfiguration;
			buildSettings = {
				BUNDLE_LOADER = "$(TEST_HOST)";
				CODE_SIGN_STYLE = Automatic;
				CURRENT_PROJECT_VERSION = 1;
				DEVELOPMENT_TEAM = DMN3WLJC44;
				GENERATE_INFOPLIST_FILE = YES;
				IPHONEOS_DEPLOYMENT_TARGET = 18.1;
				MARKETING_VERSION = 1.0;
				PRODUCT_BUNDLE_IDENTIFIER = NathanHerskovitz.MusicTrackerTests;
				PRODUCT_NAME = "$(TARGET_NAME)";
				SWIFT_EMIT_LOC_STRINGS = NO;
				SWIFT_VERSION = 5.0;
				TARGETED_DEVICE_FAMILY = "1,2";
				TEST_HOST = "$(BUILT_PRODUCTS_DIR)/MusicTrackr.app/$(BUNDLE_EXECUTABLE_FOLDER_PATH)/MusicTrackr";
			};
			name = Debug;
		};
		0882C8592CF6DDBA0003DB5B /* Release */ = {
			isa = XCBuildConfiguration;
			buildSettings = {
				BUNDLE_LOADER = "$(TEST_HOST)";
				CODE_SIGN_STYLE = Automatic;
				CURRENT_PROJECT_VERSION = 1;
				DEVELOPMENT_TEAM = DMN3WLJC44;
				GENERATE_INFOPLIST_FILE = YES;
				IPHONEOS_DEPLOYMENT_TARGET = 18.1;
				MARKETING_VERSION = 1.0;
				PRODUCT_BUNDLE_IDENTIFIER = NathanHerskovitz.MusicTrackerTests;
				PRODUCT_NAME = "$(TARGET_NAME)";
				SWIFT_EMIT_LOC_STRINGS = NO;
				SWIFT_VERSION = 5.0;
				TARGETED_DEVICE_FAMILY = "1,2";
				TEST_HOST = "$(BUILT_PRODUCTS_DIR)/MusicTrackr.app/$(BUNDLE_EXECUTABLE_FOLDER_PATH)/MusicTrackr";
			};
			name = Release;
		};
		0882C85B2CF6DDBA0003DB5B /* Debug */ = {
			isa = XCBuildConfiguration;
			buildSettings = {
				CODE_SIGN_STYLE = Automatic;
				CURRENT_PROJECT_VERSION = 1;
				DEVELOPMENT_TEAM = DMN3WLJC44;
				GENERATE_INFOPLIST_FILE = YES;
				MARKETING_VERSION = 1.0;
				PRODUCT_BUNDLE_IDENTIFIER = NathanHerskovitz.MusicTrackerUITests;
				PRODUCT_NAME = "$(TARGET_NAME)";
				SWIFT_EMIT_LOC_STRINGS = NO;
				SWIFT_VERSION = 5.0;
				TARGETED_DEVICE_FAMILY = "1,2";
				TEST_TARGET_NAME = MusicTracker;
			};
			name = Debug;
		};
		0882C85C2CF6DDBA0003DB5B /* Release */ = {
			isa = XCBuildConfiguration;
			buildSettings = {
				CODE_SIGN_STYLE = Automatic;
				CURRENT_PROJECT_VERSION = 1;
				DEVELOPMENT_TEAM = DMN3WLJC44;
				GENERATE_INFOPLIST_FILE = YES;
				MARKETING_VERSION = 1.0;
				PRODUCT_BUNDLE_IDENTIFIER = NathanHerskovitz.MusicTrackerUITests;
				PRODUCT_NAME = "$(TARGET_NAME)";
				SWIFT_EMIT_LOC_STRINGS = NO;
				SWIFT_VERSION = 5.0;
				TARGETED_DEVICE_FAMILY = "1,2";
				TEST_TARGET_NAME = MusicTracker;
			};
			name = Release;
		};
/* End XCBuildConfiguration section */

/* Begin XCConfigurationList section */
		0882C82B2CF6DDB90003DB5B /* Build configuration list for PBXProject "MusicTrackr" */ = {
			isa = XCConfigurationList;
			buildConfigurations = (
				0882C8522CF6DDBA0003DB5B /* Debug */,
				0882C8532CF6DDBA0003DB5B /* Release */,
			);
			defaultConfigurationIsVisible = 0;
			defaultConfigurationName = Release;
		};
		0882C8542CF6DDBA0003DB5B /* Build configuration list for PBXNativeTarget "MusicTrackr" */ = {
			isa = XCConfigurationList;
			buildConfigurations = (
				0882C8552CF6DDBA0003DB5B /* Debug */,
				0882C8562CF6DDBA0003DB5B /* Release */,
			);
			defaultConfigurationIsVisible = 0;
			defaultConfigurationName = Release;
		};
		0882C8572CF6DDBA0003DB5B /* Build configuration list for PBXNativeTarget "MusicTrackrTests" */ = {
			isa = XCConfigurationList;
			buildConfigurations = (
				0882C8582CF6DDBA0003DB5B /* Debug */,
				0882C8592CF6DDBA0003DB5B /* Release */,
			);
			defaultConfigurationIsVisible = 0;
			defaultConfigurationName = Release;
		};
		0882C85A2CF6DDBA0003DB5B /* Build configuration list for PBXNativeTarget "MusicTrackrUITests" */ = {
			isa = XCConfigurationList;
			buildConfigurations = (
				0882C85B2CF6DDBA0003DB5B /* Debug */,
				0882C85C2CF6DDBA0003DB5B /* Release */,
			);
			defaultConfigurationIsVisible = 0;
			defaultConfigurationName = Release;
		};
/* End XCConfigurationList section */
	};
	rootObject = 0882C8282CF6DDB80003DB5B /* Project object */;
}
